// !$*UTF8*$!
{
	archiveVersion = 1;
	classes = {
	};
	objectVersion = 56;
	objects = {

/* Begin PBXBuildFile section */
		FE0B244D2A0D8C20005210B2 /* GamesCenterApp.swift in Sources */ = {isa = PBXBuildFile; fileRef = FE0B244C2A0D8C20005210B2 /* GamesCenterApp.swift */; };
		FE0B244F2A0D8C20005210B2 /* GamesCenterView.swift in Sources */ = {isa = PBXBuildFile; fileRef = FE0B244E2A0D8C20005210B2 /* GamesCenterView.swift */; };
		FE0B24512A0D8C21005210B2 /* Assets.xcassets in Resources */ = {isa = PBXBuildFile; fileRef = FE0B24502A0D8C21005210B2 /* Assets.xcassets */; };
		FE0B24542A0D8C21005210B2 /* Preview Assets.xcassets in Resources */ = {isa = PBXBuildFile; fileRef = FE0B24532A0D8C21005210B2 /* Preview Assets.xcassets */; };
		FE0B245E2A0D8C21005210B2 /* GamesCenterTests.swift in Sources */ = {isa = PBXBuildFile; fileRef = FE0B245D2A0D8C21005210B2 /* GamesCenterTests.swift */; };
		FE0B24682A0D8C21005210B2 /* GamesCenterUITests.swift in Sources */ = {isa = PBXBuildFile; fileRef = FE0B24672A0D8C21005210B2 /* GamesCenterUITests.swift */; };
		FE0B246A2A0D8C21005210B2 /* GamesCenterUITestsLaunchTests.swift in Sources */ = {isa = PBXBuildFile; fileRef = FE0B24692A0D8C21005210B2 /* GamesCenterUITestsLaunchTests.swift */; };
		FE0B24772A0D8C44005210B2 /* Directions.swift in Sources */ = {isa = PBXBuildFile; fileRef = FE0B24762A0D8C44005210B2 /* Directions.swift */; };
		FE0B247B2A0D8C85005210B2 /* SnakeView.swift in Sources */ = {isa = PBXBuildFile; fileRef = FE0B247A2A0D8C85005210B2 /* SnakeView.swift */; };
		FE0B247D2A0D8E26005210B2 /* Game.swift in Sources */ = {isa = PBXBuildFile; fileRef = FE0B247C2A0D8E26005210B2 /* Game.swift */; };
		FE0B24802A0D90A7005210B2 /* ModelData.swift in Sources */ = {isa = PBXBuildFile; fileRef = FE0B247F2A0D90A7005210B2 /* ModelData.swift */; };
		FE0B248C2A0D93A2005210B2 /* gamesDefinition.json in Resources */ = {isa = PBXBuildFile; fileRef = FE0B248B2A0D93A2005210B2 /* gamesDefinition.json */; };
		FE0B248E2A0D9502005210B2 /* GameTile.swift in Sources */ = {isa = PBXBuildFile; fileRef = FE0B248D2A0D9502005210B2 /* GameTile.swift */; };
		FE298A8E2A0D9B09006261E7 /* GameDetailsView.swift in Sources */ = {isa = PBXBuildFile; fileRef = FE298A8D2A0D9B09006261E7 /* GameDetailsView.swift */; };
		FE298A912A0DA1BB006261E7 /* TicTacToeView.swift in Sources */ = {isa = PBXBuildFile; fileRef = FE298A902A0DA1BB006261E7 /* TicTacToeView.swift */; };
/* End PBXBuildFile section */

/* Begin PBXContainerItemProxy section */
		FE0B245A2A0D8C21005210B2 /* PBXContainerItemProxy */ = {
			isa = PBXContainerItemProxy;
			containerPortal = FE0B24412A0D8C20005210B2 /* Project object */;
			proxyType = 1;
			remoteGlobalIDString = FE0B24482A0D8C20005210B2;
			remoteInfo = GamesCenter;
		};
		FE0B24642A0D8C21005210B2 /* PBXContainerItemProxy */ = {
			isa = PBXContainerItemProxy;
			containerPortal = FE0B24412A0D8C20005210B2 /* Project object */;
			proxyType = 1;
			remoteGlobalIDString = FE0B24482A0D8C20005210B2;
			remoteInfo = GamesCenter;
		};
/* End PBXContainerItemProxy section */

/* Begin PBXFileReference section */
		FE0B24492A0D8C20005210B2 /* GamesCenter.app */ = {isa = PBXFileReference; explicitFileType = wrapper.application; includeInIndex = 0; path = GamesCenter.app; sourceTree = BUILT_PRODUCTS_DIR; };
		FE0B244C2A0D8C20005210B2 /* GamesCenterApp.swift */ = {isa = PBXFileReference; lastKnownFileType = sourcecode.swift; path = GamesCenterApp.swift; sourceTree = "<group>"; };
		FE0B244E2A0D8C20005210B2 /* GamesCenterView.swift */ = {isa = PBXFileReference; lastKnownFileType = sourcecode.swift; path = GamesCenterView.swift; sourceTree = "<group>"; };
		FE0B24502A0D8C21005210B2 /* Assets.xcassets */ = {isa = PBXFileReference; lastKnownFileType = folder.assetcatalog; path = Assets.xcassets; sourceTree = "<group>"; };
		FE0B24532A0D8C21005210B2 /* Preview Assets.xcassets */ = {isa = PBXFileReference; lastKnownFileType = folder.assetcatalog; path = "Preview Assets.xcassets"; sourceTree = "<group>"; };
		FE0B24592A0D8C21005210B2 /* GamesCenterTests.xctest */ = {isa = PBXFileReference; explicitFileType = wrapper.cfbundle; includeInIndex = 0; path = GamesCenterTests.xctest; sourceTree = BUILT_PRODUCTS_DIR; };
		FE0B245D2A0D8C21005210B2 /* GamesCenterTests.swift */ = {isa = PBXFileReference; lastKnownFileType = sourcecode.swift; path = GamesCenterTests.swift; sourceTree = "<group>"; };
		FE0B24632A0D8C21005210B2 /* GamesCenterUITests.xctest */ = {isa = PBXFileReference; explicitFileType = wrapper.cfbundle; includeInIndex = 0; path = GamesCenterUITests.xctest; sourceTree = BUILT_PRODUCTS_DIR; };
		FE0B24672A0D8C21005210B2 /* GamesCenterUITests.swift */ = {isa = PBXFileReference; lastKnownFileType = sourcecode.swift; path = GamesCenterUITests.swift; sourceTree = "<group>"; };
		FE0B24692A0D8C21005210B2 /* GamesCenterUITestsLaunchTests.swift */ = {isa = PBXFileReference; lastKnownFileType = sourcecode.swift; path = GamesCenterUITestsLaunchTests.swift; sourceTree = "<group>"; };
		FE0B24762A0D8C44005210B2 /* Directions.swift */ = {isa = PBXFileReference; lastKnownFileType = sourcecode.swift; path = Directions.swift; sourceTree = "<group>"; };
		FE0B247A2A0D8C85005210B2 /* SnakeView.swift */ = {isa = PBXFileReference; lastKnownFileType = sourcecode.swift; path = SnakeView.swift; sourceTree = "<group>"; };
		FE0B247C2A0D8E26005210B2 /* Game.swift */ = {isa = PBXFileReference; lastKnownFileType = sourcecode.swift; path = Game.swift; sourceTree = "<group>"; };
		FE0B247F2A0D90A7005210B2 /* ModelData.swift */ = {isa = PBXFileReference; lastKnownFileType = sourcecode.swift; path = ModelData.swift; sourceTree = "<group>"; };
		FE0B248B2A0D93A2005210B2 /* gamesDefinition.json */ = {isa = PBXFileReference; lastKnownFileType = text.json; path = gamesDefinition.json; sourceTree = "<group>"; };
		FE0B248D2A0D9502005210B2 /* GameTile.swift */ = {isa = PBXFileReference; lastKnownFileType = sourcecode.swift; path = GameTile.swift; sourceTree = "<group>"; };
		FE298A8D2A0D9B09006261E7 /* GameDetailsView.swift */ = {isa = PBXFileReference; lastKnownFileType = sourcecode.swift; path = GameDetailsView.swift; sourceTree = "<group>"; };
		FE298A902A0DA1BB006261E7 /* TicTacToeView.swift */ = {isa = PBXFileReference; lastKnownFileType = sourcecode.swift; path = TicTacToeView.swift; sourceTree = "<group>"; };
/* End PBXFileReference section */

/* Begin PBXFrameworksBuildPhase section */
		FE0B24462A0D8C20005210B2 /* Frameworks */ = {
			isa = PBXFrameworksBuildPhase;
			buildActionMask = 2147483647;
			files = (
			);
			runOnlyForDeploymentPostprocessing = 0;
		};
		FE0B24562A0D8C21005210B2 /* Frameworks */ = {
			isa = PBXFrameworksBuildPhase;
			buildActionMask = 2147483647;
			files = (
			);
			runOnlyForDeploymentPostprocessing = 0;
		};
		FE0B24602A0D8C21005210B2 /* Frameworks */ = {
			isa = PBXFrameworksBuildPhase;
			buildActionMask = 2147483647;
			files = (
			);
			runOnlyForDeploymentPostprocessing = 0;
		};
/* End PBXFrameworksBuildPhase section */

/* Begin PBXGroup section */
		FE0B24402A0D8C20005210B2 = {
			isa = PBXGroup;
			children = (
				FE0B244B2A0D8C20005210B2 /* GamesCenter */,
				FE0B245C2A0D8C21005210B2 /* GamesCenterTests */,
				FE0B24662A0D8C21005210B2 /* GamesCenterUITests */,
				FE0B244A2A0D8C20005210B2 /* Products */,
			);
			sourceTree = "<group>";
		};
		FE0B244A2A0D8C20005210B2 /* Products */ = {
			isa = PBXGroup;
			children = (
				FE0B24492A0D8C20005210B2 /* GamesCenter.app */,
				FE0B24592A0D8C21005210B2 /* GamesCenterTests.xctest */,
				FE0B24632A0D8C21005210B2 /* GamesCenterUITests.xctest */,
			);
			name = Products;
			sourceTree = "<group>";
		};
		FE0B244B2A0D8C20005210B2 /* GamesCenter */ = {
			isa = PBXGroup;
			children = (
				FE0B248A2A0D938C005210B2 /* Resources */,
				FE0B247E2A0D908D005210B2 /* Model */,
				FE0B24782A0D8C57005210B2 /* Games */,
				FE0B244C2A0D8C20005210B2 /* GamesCenterApp.swift */,
				FE0B244E2A0D8C20005210B2 /* GamesCenterView.swift */,
				FE0B24502A0D8C21005210B2 /* Assets.xcassets */,
				FE0B24522A0D8C21005210B2 /* Preview Content */,
				FE0B248D2A0D9502005210B2 /* GameTile.swift */,
				FE298A8D2A0D9B09006261E7 /* GameDetailsView.swift */,
			);
			path = GamesCenter;
			sourceTree = "<group>";
		};
		FE0B24522A0D8C21005210B2 /* Preview Content */ = {
			isa = PBXGroup;
			children = (
				FE0B24532A0D8C21005210B2 /* Preview Assets.xcassets */,
			);
			path = "Preview Content";
			sourceTree = "<group>";
		};
		FE0B245C2A0D8C21005210B2 /* GamesCenterTests */ = {
			isa = PBXGroup;
			children = (
				FE0B245D2A0D8C21005210B2 /* GamesCenterTests.swift */,
			);
			path = GamesCenterTests;
			sourceTree = "<group>";
		};
		FE0B24662A0D8C21005210B2 /* GamesCenterUITests */ = {
			isa = PBXGroup;
			children = (
				FE0B24672A0D8C21005210B2 /* GamesCenterUITests.swift */,
				FE0B24692A0D8C21005210B2 /* GamesCenterUITestsLaunchTests.swift */,
			);
			path = GamesCenterUITests;
			sourceTree = "<group>";
		};
		FE0B24782A0D8C57005210B2 /* Games */ = {
			isa = PBXGroup;
			children = (
				FE298A8F2A0DA1AA006261E7 /* TicTacToe */,
				FE0B24792A0D8C67005210B2 /* Snake */,
			);
			path = Games;
			sourceTree = "<group>";
		};
		FE0B24792A0D8C67005210B2 /* Snake */ = {
			isa = PBXGroup;
			children = (
				FE0B24762A0D8C44005210B2 /* Directions.swift */,
				FE0B247A2A0D8C85005210B2 /* SnakeView.swift */,
			);
			path = Snake;
			sourceTree = "<group>";
		};
		FE0B247E2A0D908D005210B2 /* Model */ = {
			isa = PBXGroup;
			children = (
				FE0B247C2A0D8E26005210B2 /* Game.swift */,
				FE0B247F2A0D90A7005210B2 /* ModelData.swift */,
			);
			path = Model;
			sourceTree = "<group>";
		};
		FE0B248A2A0D938C005210B2 /* Resources */ = {
			isa = PBXGroup;
			children = (
				FE0B248B2A0D93A2005210B2 /* gamesDefinition.json */,
			);
			path = Resources;
			sourceTree = "<group>";
		};
		FE298A8F2A0DA1AA006261E7 /* TicTacToe */ = {
			isa = PBXGroup;
			children = (
				FE298A902A0DA1BB006261E7 /* TicTacToeView.swift */,
			);
			path = TicTacToe;
			sourceTree = "<group>";
		};
/* End PBXGroup section */

/* Begin PBXNativeTarget section */
		FE0B24482A0D8C20005210B2 /* GamesCenter */ = {
			isa = PBXNativeTarget;
			buildConfigurationList = FE0B246D2A0D8C21005210B2 /* Build configuration list for PBXNativeTarget "GamesCenter" */;
			buildPhases = (
				FE0B24452A0D8C20005210B2 /* Sources */,
				FE0B24462A0D8C20005210B2 /* Frameworks */,
				FE0B24472A0D8C20005210B2 /* Resources */,
			);
			buildRules = (
			);
			dependencies = (
			);
			name = GamesCenter;
			productName = GamesCenter;
			productReference = FE0B24492A0D8C20005210B2 /* GamesCenter.app */;
			productType = "com.apple.product-type.application";
		};
		FE0B24582A0D8C21005210B2 /* GamesCenterTests */ = {
			isa = PBXNativeTarget;
			buildConfigurationList = FE0B24702A0D8C21005210B2 /* Build configuration list for PBXNativeTarget "GamesCenterTests" */;
			buildPhases = (
				FE0B24552A0D8C21005210B2 /* Sources */,
				FE0B24562A0D8C21005210B2 /* Frameworks */,
				FE0B24572A0D8C21005210B2 /* Resources */,
			);
			buildRules = (
			);
			dependencies = (
				FE0B245B2A0D8C21005210B2 /* PBXTargetDependency */,
			);
			name = GamesCenterTests;
			productName = GamesCenterTests;
			productReference = FE0B24592A0D8C21005210B2 /* GamesCenterTests.xctest */;
			productType = "com.apple.product-type.bundle.unit-test";
		};
		FE0B24622A0D8C21005210B2 /* GamesCenterUITests */ = {
			isa = PBXNativeTarget;
			buildConfigurationList = FE0B24732A0D8C21005210B2 /* Build configuration list for PBXNativeTarget "GamesCenterUITests" */;
			buildPhases = (
				FE0B245F2A0D8C21005210B2 /* Sources */,
				FE0B24602A0D8C21005210B2 /* Frameworks */,
				FE0B24612A0D8C21005210B2 /* Resources */,
			);
			buildRules = (
			);
			dependencies = (
				FE0B24652A0D8C21005210B2 /* PBXTargetDependency */,
			);
			name = GamesCenterUITests;
			productName = GamesCenterUITests;
			productReference = FE0B24632A0D8C21005210B2 /* GamesCenterUITests.xctest */;
			productType = "com.apple.product-type.bundle.ui-testing";
		};
/* End PBXNativeTarget section */

/* Begin PBXProject section */
		FE0B24412A0D8C20005210B2 /* Project object */ = {
			isa = PBXProject;
			attributes = {
				BuildIndependentTargetsInParallel = 1;
				LastSwiftUpdateCheck = 1410;
				LastUpgradeCheck = 1410;
				TargetAttributes = {
					FE0B24482A0D8C20005210B2 = {
						CreatedOnToolsVersion = 14.1;
					};
					FE0B24582A0D8C21005210B2 = {
						CreatedOnToolsVersion = 14.1;
						TestTargetID = FE0B24482A0D8C20005210B2;
					};
					FE0B24622A0D8C21005210B2 = {
						CreatedOnToolsVersion = 14.1;
						TestTargetID = FE0B24482A0D8C20005210B2;
					};
				};
			};
			buildConfigurationList = FE0B24442A0D8C20005210B2 /* Build configuration list for PBXProject "GamesCenter" */;
			compatibilityVersion = "Xcode 14.0";
			developmentRegion = en;
			hasScannedForEncodings = 0;
			knownRegions = (
				en,
				Base,
			);
			mainGroup = FE0B24402A0D8C20005210B2;
			productRefGroup = FE0B244A2A0D8C20005210B2 /* Products */;
			projectDirPath = "";
			projectRoot = "";
			targets = (
				FE0B24482A0D8C20005210B2 /* GamesCenter */,
				FE0B24582A0D8C21005210B2 /* GamesCenterTests */,
				FE0B24622A0D8C21005210B2 /* GamesCenterUITests */,
			);
		};
/* End PBXProject section */

/* Begin PBXResourcesBuildPhase section */
		FE0B24472A0D8C20005210B2 /* Resources */ = {
			isa = PBXResourcesBuildPhase;
			buildActionMask = 2147483647;
			files = (
				FE0B24542A0D8C21005210B2 /* Preview Assets.xcassets in Resources */,
				FE0B248C2A0D93A2005210B2 /* gamesDefinition.json in Resources */,
				FE0B24512A0D8C21005210B2 /* Assets.xcassets in Resources */,
			);
			runOnlyForDeploymentPostprocessing = 0;
		};
		FE0B24572A0D8C21005210B2 /* Resources */ = {
			isa = PBXResourcesBuildPhase;
			buildActionMask = 2147483647;
			files = (
			);
			runOnlyForDeploymentPostprocessing = 0;
		};
		FE0B24612A0D8C21005210B2 /* Resources */ = {
			isa = PBXResourcesBuildPhase;
			buildActionMask = 2147483647;
			files = (
			);
			runOnlyForDeploymentPostprocessing = 0;
		};
/* End PBXResourcesBuildPhase section */

/* Begin PBXSourcesBuildPhase section */
		FE0B24452A0D8C20005210B2 /* Sources */ = {
			isa = PBXSourcesBuildPhase;
			buildActionMask = 2147483647;
			files = (
				FE0B247B2A0D8C85005210B2 /* SnakeView.swift in Sources */,
				FE0B247D2A0D8E26005210B2 /* Game.swift in Sources */,
				FE0B244F2A0D8C20005210B2 /* GamesCenterView.swift in Sources */,
				FE298A8E2A0D9B09006261E7 /* GameDetailsView.swift in Sources */,
				FE0B248E2A0D9502005210B2 /* GameTile.swift in Sources */,
				FE0B24772A0D8C44005210B2 /* Directions.swift in Sources */,
				FE298A912A0DA1BB006261E7 /* TicTacToeView.swift in Sources */,
				FE0B244D2A0D8C20005210B2 /* GamesCenterApp.swift in Sources */,
				FE0B24802A0D90A7005210B2 /* ModelData.swift in Sources */,
			);
			runOnlyForDeploymentPostprocessing = 0;
		};
		FE0B24552A0D8C21005210B2 /* Sources */ = {
			isa = PBXSourcesBuildPhase;
			buildActionMask = 2147483647;
			files = (
				FE0B245E2A0D8C21005210B2 /* GamesCenterTests.swift in Sources */,
			);
			runOnlyForDeploymentPostprocessing = 0;
		};
		FE0B245F2A0D8C21005210B2 /* Sources */ = {
			isa = PBXSourcesBuildPhase;
			buildActionMask = 2147483647;
			files = (
				FE0B24682A0D8C21005210B2 /* GamesCenterUITests.swift in Sources */,
				FE0B246A2A0D8C21005210B2 /* GamesCenterUITestsLaunchTests.swift in Sources */,
			);
			runOnlyForDeploymentPostprocessing = 0;
		};
/* End PBXSourcesBuildPhase section */

/* Begin PBXTargetDependency section */
		FE0B245B2A0D8C21005210B2 /* PBXTargetDependency */ = {
			isa = PBXTargetDependency;
			target = FE0B24482A0D8C20005210B2 /* GamesCenter */;
			targetProxy = FE0B245A2A0D8C21005210B2 /* PBXContainerItemProxy */;
		};
		FE0B24652A0D8C21005210B2 /* PBXTargetDependency */ = {
			isa = PBXTargetDependency;
			target = FE0B24482A0D8C20005210B2 /* GamesCenter */;
			targetProxy = FE0B24642A0D8C21005210B2 /* PBXContainerItemProxy */;
		};
/* End PBXTargetDependency section */

/* Begin XCBuildConfiguration section */
		FE0B246B2A0D8C21005210B2 /* Debug */ = {
			isa = XCBuildConfiguration;
			buildSettings = {
				ALWAYS_SEARCH_USER_PATHS = NO;
				CLANG_ANALYZER_NONNULL = YES;
				CLANG_ANALYZER_NUMBER_OBJECT_CONVERSION = YES_AGGRESSIVE;
				CLANG_CXX_LANGUAGE_STANDARD = "gnu++20";
				CLANG_ENABLE_MODULES = YES;
				CLANG_ENABLE_OBJC_ARC = YES;
				CLANG_ENABLE_OBJC_WEAK = YES;
				CLANG_WARN_BLOCK_CAPTURE_AUTORELEASING = YES;
				CLANG_WARN_BOOL_CONVERSION = YES;
				CLANG_WARN_COMMA = YES;
				CLANG_WARN_CONSTANT_CONVERSION = YES;
				CLANG_WARN_DEPRECATED_OBJC_IMPLEMENTATIONS = YES;
				CLANG_WARN_DIRECT_OBJC_ISA_USAGE = YES_ERROR;
				CLANG_WARN_DOCUMENTATION_COMMENTS = YES;
				CLANG_WARN_EMPTY_BODY = YES;
				CLANG_WARN_ENUM_CONVERSION = YES;
				CLANG_WARN_INFINITE_RECURSION = YES;
				CLANG_WARN_INT_CONVERSION = YES;
				CLANG_WARN_NON_LITERAL_NULL_CONVERSION = YES;
				CLANG_WARN_OBJC_IMPLICIT_RETAIN_SELF = YES;
				CLANG_WARN_OBJC_LITERAL_CONVERSION = YES;
				CLANG_WARN_OBJC_ROOT_CLASS = YES_ERROR;
				CLANG_WARN_QUOTED_INCLUDE_IN_FRAMEWORK_HEADER = YES;
				CLANG_WARN_RANGE_LOOP_ANALYSIS = YES;
				CLANG_WARN_STRICT_PROTOTYPES = YES;
				CLANG_WARN_SUSPICIOUS_MOVE = YES;
				CLANG_WARN_UNGUARDED_AVAILABILITY = YES_AGGRESSIVE;
				CLANG_WARN_UNREACHABLE_CODE = YES;
				CLANG_WARN__DUPLICATE_METHOD_MATCH = YES;
				COPY_PHASE_STRIP = NO;
				DEBUG_INFORMATION_FORMAT = dwarf;
				ENABLE_STRICT_OBJC_MSGSEND = YES;
				ENABLE_TESTABILITY = YES;
				GCC_C_LANGUAGE_STANDARD = gnu11;
				GCC_DYNAMIC_NO_PIC = NO;
				GCC_NO_COMMON_BLOCKS = YES;
				GCC_OPTIMIZATION_LEVEL = 0;
				GCC_PREPROCESSOR_DEFINITIONS = (
					"DEBUG=1",
					"$(inherited)",
				);
				GCC_WARN_64_TO_32_BIT_CONVERSION = YES;
				GCC_WARN_ABOUT_RETURN_TYPE = YES_ERROR;
				GCC_WARN_UNDECLARED_SELECTOR = YES;
				GCC_WARN_UNINITIALIZED_AUTOS = YES_AGGRESSIVE;
				GCC_WARN_UNUSED_FUNCTION = YES;
				GCC_WARN_UNUSED_VARIABLE = YES;
				IPHONEOS_DEPLOYMENT_TARGET = 16.1;
				MTL_ENABLE_DEBUG_INFO = INCLUDE_SOURCE;
				MTL_FAST_MATH = YES;
				ONLY_ACTIVE_ARCH = YES;
				SDKROOT = iphoneos;
				SWIFT_ACTIVE_COMPILATION_CONDITIONS = DEBUG;
				SWIFT_OPTIMIZATION_LEVEL = "-Onone";
			};
			name = Debug;
		};
		FE0B246C2A0D8C21005210B2 /* Release */ = {
			isa = XCBuildConfiguration;
			buildSettings = {
				ALWAYS_SEARCH_USER_PATHS = NO;
				CLANG_ANALYZER_NONNULL = YES;
				CLANG_ANALYZER_NUMBER_OBJECT_CONVERSION = YES_AGGRESSIVE;
				CLANG_CXX_LANGUAGE_STANDARD = "gnu++20";
				CLANG_ENABLE_MODULES = YES;
				CLANG_ENABLE_OBJC_ARC = YES;
				CLANG_ENABLE_OBJC_WEAK = YES;
				CLANG_WARN_BLOCK_CAPTURE_AUTORELEASING = YES;
				CLANG_WARN_BOOL_CONVERSION = YES;
				CLANG_WARN_COMMA = YES;
				CLANG_WARN_CONSTANT_CONVERSION = YES;
				CLANG_WARN_DEPRECATED_OBJC_IMPLEMENTATIONS = YES;
				CLANG_WARN_DIRECT_OBJC_ISA_USAGE = YES_ERROR;
				CLANG_WARN_DOCUMENTATION_COMMENTS = YES;
				CLANG_WARN_EMPTY_BODY = YES;
				CLANG_WARN_ENUM_CONVERSION = YES;
				CLANG_WARN_INFINITE_RECURSION = YES;
				CLANG_WARN_INT_CONVERSION = YES;
				CLANG_WARN_NON_LITERAL_NULL_CONVERSION = YES;
				CLANG_WARN_OBJC_IMPLICIT_RETAIN_SELF = YES;
				CLANG_WARN_OBJC_LITERAL_CONVERSION = YES;
				CLANG_WARN_OBJC_ROOT_CLASS = YES_ERROR;
				CLANG_WARN_QUOTED_INCLUDE_IN_FRAMEWORK_HEADER = YES;
				CLANG_WARN_RANGE_LOOP_ANALYSIS = YES;
				CLANG_WARN_STRICT_PROTOTYPES = YES;
				CLANG_WARN_SUSPICIOUS_MOVE = YES;
				CLANG_WARN_UNGUARDED_AVAILABILITY = YES_AGGRESSIVE;
				CLANG_WARN_UNREACHABLE_CODE = YES;
				CLANG_WARN__DUPLICATE_METHOD_MATCH = YES;
				COPY_PHASE_STRIP = NO;
				DEBUG_INFORMATION_FORMAT = "dwarf-with-dsym";
				ENABLE_NS_ASSERTIONS = NO;
				ENABLE_STRICT_OBJC_MSGSEND = YES;
				GCC_C_LANGUAGE_STANDARD = gnu11;
				GCC_NO_COMMON_BLOCKS = YES;
				GCC_WARN_64_TO_32_BIT_CONVERSION = YES;
				GCC_WARN_ABOUT_RETURN_TYPE = YES_ERROR;
				GCC_WARN_UNDECLARED_SELECTOR = YES;
				GCC_WARN_UNINITIALIZED_AUTOS = YES_AGGRESSIVE;
				GCC_WARN_UNUSED_FUNCTION = YES;
				GCC_WARN_UNUSED_VARIABLE = YES;
				IPHONEOS_DEPLOYMENT_TARGET = 16.1;
				MTL_ENABLE_DEBUG_INFO = NO;
				MTL_FAST_MATH = YES;
				SDKROOT = iphoneos;
				SWIFT_COMPILATION_MODE = wholemodule;
				SWIFT_OPTIMIZATION_LEVEL = "-O";
				VALIDATE_PRODUCT = YES;
			};
			name = Release;
		};
		FE0B246E2A0D8C21005210B2 /* Debug */ = {
			isa = XCBuildConfiguration;
			buildSettings = {
				ASSETCATALOG_COMPILER_APPICON_NAME = AppIcon;
				ASSETCATALOG_COMPILER_GLOBAL_ACCENT_COLOR_NAME = AccentColor;
				CODE_SIGN_STYLE = Automatic;
				CURRENT_PROJECT_VERSION = 1;
				DEVELOPMENT_ASSET_PATHS = "\"GamesCenter/Preview Content\"";
				DEVELOPMENT_TEAM = 2VNXB24A45;
				ENABLE_PREVIEWS = YES;
				GENERATE_INFOPLIST_FILE = YES;
				INFOPLIST_KEY_UIApplicationSceneManifest_Generation = YES;
				INFOPLIST_KEY_UIApplicationSupportsIndirectInputEvents = YES;
				INFOPLIST_KEY_UILaunchScreen_Generation = YES;
				INFOPLIST_KEY_UISupportedInterfaceOrientations_iPad = "UIInterfaceOrientationPortrait UIInterfaceOrientationPortraitUpsideDown UIInterfaceOrientationLandscapeLeft UIInterfaceOrientationLandscapeRight";
				INFOPLIST_KEY_UISupportedInterfaceOrientations_iPhone = "UIInterfaceOrientationPortrait UIInterfaceOrientationLandscapeLeft UIInterfaceOrientationLandscapeRight";
				LD_RUNPATH_SEARCH_PATHS = (
					"$(inherited)",
					"@executable_path/Frameworks",
				);
				MARKETING_VERSION = 1.0;
				PRODUCT_BUNDLE_IDENTIFIER = demo.GamesCenter;
				PRODUCT_NAME = "$(TARGET_NAME)";
				SWIFT_EMIT_LOC_STRINGS = YES;
				SWIFT_VERSION = 5.0;
				TARGETED_DEVICE_FAMILY = "1,2";
			};
			name = Debug;
		};
		FE0B246F2A0D8C21005210B2 /* Release */ = {
			isa = XCBuildConfiguration;
			buildSettings = {
				ASSETCATALOG_COMPILER_APPICON_NAME = AppIcon;
				ASSETCATALOG_COMPILER_GLOBAL_ACCENT_COLOR_NAME = AccentColor;
				CODE_SIGN_STYLE = Automatic;
				CURRENT_PROJECT_VERSION = 1;
				DEVELOPMENT_ASSET_PATHS = "\"GamesCenter/Preview Content\"";
				DEVELOPMENT_TEAM = 2VNXB24A45;
				ENABLE_PREVIEWS = YES;
				GENERATE_INFOPLIST_FILE = YES;
				INFOPLIST_KEY_UIApplicationSceneManifest_Generation = YES;
				INFOPLIST_KEY_UIApplicationSupportsIndirectInputEvents = YES;
				INFOPLIST_KEY_UILaunchScreen_Generation = YES;
				INFOPLIST_KEY_UISupportedInterfaceOrientations_iPad = "UIInterfaceOrientationPortrait UIInterfaceOrientationPortraitUpsideDown UIInterfaceOrientationLandscapeLeft UIInterfaceOrientationLandscapeRight";
				INFOPLIST_KEY_UISupportedInterfaceOrientations_iPhone = "UIInterfaceOrientationPortrait UIInterfaceOrientationLandscapeLeft UIInterfaceOrientationLandscapeRight";
				LD_RUNPATH_SEARCH_PATHS = (
					"$(inherited)",
					"@executable_path/Frameworks",
				);
				MARKETING_VERSION = 1.0;
				PRODUCT_BUNDLE_IDENTIFIER = demo.GamesCenter;
				PRODUCT_NAME = "$(TARGET_NAME)";
				SWIFT_EMIT_LOC_STRINGS = YES;
				SWIFT_VERSION = 5.0;
				TARGETED_DEVICE_FAMILY = "1,2";
			};
			name = Release;
		};
		FE0B24712A0D8C21005210B2 /* Debug */ = {
			isa = XCBuildConfiguration;
			buildSettings = {
				ALWAYS_EMBED_SWIFT_STANDARD_LIBRARIES = YES;
				BUNDLE_LOADER = "$(TEST_HOST)";
				CODE_SIGN_STYLE = Automatic;
				CURRENT_PROJECT_VERSION = 1;
				DEVELOPMENT_TEAM = 2VNXB24A45;
				GENERATE_INFOPLIST_FILE = YES;
				IPHONEOS_DEPLOYMENT_TARGET = 16.1;
				MARKETING_VERSION = 1.0;
				PRODUCT_BUNDLE_IDENTIFIER = demo.GamesCenterTests;
				PRODUCT_NAME = "$(TARGET_NAME)";
				SWIFT_EMIT_LOC_STRINGS = NO;
				SWIFT_VERSION = 5.0;
				TARGETED_DEVICE_FAMILY = "1,2";
				TEST_HOST = "$(BUILT_PRODUCTS_DIR)/GamesCenter.app/$(BUNDLE_EXECUTABLE_FOLDER_PATH)/GamesCenter";
			};
			name = Debug;
		};
		FE0B24722A0D8C21005210B2 /* Release */ = {
			isa = XCBuildConfiguration;
			buildSettings = {
				ALWAYS_EMBED_SWIFT_STANDARD_LIBRARIES = YES;
				BUNDLE_LOADER = "$(TEST_HOST)";
				CODE_SIGN_STYLE = Automatic;
				CURRENT_PROJECT_VERSION = 1;
				DEVELOPMENT_TEAM = 2VNXB24A45;
				GENERATE_INFOPLIST_FILE = YES;
				IPHONEOS_DEPLOYMENT_TARGET = 16.1;
				MARKETING_VERSION = 1.0;
				PRODUCT_BUNDLE_IDENTIFIER = demo.GamesCenterTests;
				PRODUCT_NAME = "$(TARGET_NAME)";
				SWIFT_EMIT_LOC_STRINGS = NO;
				SWIFT_VERSION = 5.0;
				TARGETED_DEVICE_FAMILY = "1,2";
				TEST_HOST = "$(BUILT_PRODUCTS_DIR)/GamesCenter.app/$(BUNDLE_EXECUTABLE_FOLDER_PATH)/GamesCenter";
			};
			name = Release;
		};
		FE0B24742A0D8C21005210B2 /* Debug */ = {
			isa = XCBuildConfiguration;
			buildSettings = {
				ALWAYS_EMBED_SWIFT_STANDARD_LIBRARIES = YES;
				CODE_SIGN_STYLE = Automatic;
				CURRENT_PROJECT_VERSION = 1;
				DEVELOPMENT_TEAM = 2VNXB24A45;
				GENERATE_INFOPLIST_FILE = YES;
				MARKETING_VERSION = 1.0;
				PRODUCT_BUNDLE_IDENTIFIER = demo.GamesCenterUITests;
				PRODUCT_NAME = "$(TARGET_NAME)";
				SWIFT_EMIT_LOC_STRINGS = NO;
				SWIFT_VERSION = 5.0;
				TARGETED_DEVICE_FAMILY = "1,2";
				TEST_TARGET_NAME = GamesCenter;
			};
			name = Debug;
		};
		FE0B24752A0D8C21005210B2 /* Release */ = {
			isa = XCBuildConfiguration;
			buildSettings = {
				ALWAYS_EMBED_SWIFT_STANDARD_LIBRARIES = YES;
				CODE_SIGN_STYLE = Automatic;
				CURRENT_PROJECT_VERSION = 1;
				DEVELOPMENT_TEAM = 2VNXB24A45;
				GENERATE_INFOPLIST_FILE = YES;
				MARKETING_VERSION = 1.0;
				PRODUCT_BUNDLE_IDENTIFIER = demo.GamesCenterUITests;
				PRODUCT_NAME = "$(TARGET_NAME)";
				SWIFT_EMIT_LOC_STRINGS = NO;
				SWIFT_VERSION = 5.0;
				TARGETED_DEVICE_FAMILY = "1,2";
				TEST_TARGET_NAME = GamesCenter;
			};
			name = Release;
		};
/* End XCBuildConfiguration section */

/* Begin XCConfigurationList section */
		FE0B24442A0D8C20005210B2 /* Build configuration list for PBXProject "GamesCenter" */ = {
			isa = XCConfigurationList;
			buildConfigurations = (
				FE0B246B2A0D8C21005210B2 /* Debug */,
				FE0B246C2A0D8C21005210B2 /* Release */,
			);
			defaultConfigurationIsVisible = 0;
			defaultConfigurationName = Release;
		};
		FE0B246D2A0D8C21005210B2 /* Build configuration list for PBXNativeTarget "GamesCenter" */ = {
			isa = XCConfigurationList;
			buildConfigurations = (
				FE0B246E2A0D8C21005210B2 /* Debug */,
				FE0B246F2A0D8C21005210B2 /* Release */,
			);
			defaultConfigurationIsVisible = 0;
			defaultConfigurationName = Release;
		};
		FE0B24702A0D8C21005210B2 /* Build configuration list for PBXNativeTarget "GamesCenterTests" */ = {
			isa = XCConfigurationList;
			buildConfigurations = (
				FE0B24712A0D8C21005210B2 /* Debug */,
				FE0B24722A0D8C21005210B2 /* Release */,
			);
			defaultConfigurationIsVisible = 0;
			defaultConfigurationName = Release;
		};
		FE0B24732A0D8C21005210B2 /* Build configuration list for PBXNativeTarget "GamesCenterUITests" */ = {
			isa = XCConfigurationList;
			buildConfigurations = (
				FE0B24742A0D8C21005210B2 /* Debug */,
				FE0B24752A0D8C21005210B2 /* Release */,
			);
			defaultConfigurationIsVisible = 0;
			defaultConfigurationName = Release;
		};
/* End XCConfigurationList section */
	};
	rootObject = FE0B24412A0D8C20005210B2 /* Project object */;
}
